pack_version: "0.1.0"
files:
  - path: .claude/agents/speccy-planner.md
    target: claude
    scope: repo
    template_id: agent-planner.j2
    source_hash: sha256:eb8cb470009a8fd9db25f54d8fd446314cc28fb8c0d92a15f51c41d35844b69e
    rendered_hash: sha256:a5636e4eb13b724f4190fefeb0f1b41aab0ee21dedaeabfcadbda65213f91e1e
  - path: .claude/agents/speccy-repair.md
    target: claude
    scope: repo
    template_id: agent-repair.j2
    source_hash: sha256:a03976d741bebfcdaed22ea317a13818b84ecf550c866509fadf0bb183c3ea4d
    rendered_hash: sha256:d2fde12976d4e8010f63aa9938f9dc2cd2a3547302bdcd66eb23c5a399b03de7
  - path: .claude/agents/speccy-reviewer-combined.md
    target: claude
    scope: repo
    template_id: agent-reviewer.j2
    source_hash: sha256:11956b7842e0272d9634b3c46157d4106e41f2ab974f849267dffcb31645c6ce
    rendered_hash: sha256:2413bd57fd81186e71c7fd8396e1c7637f8c30b63880ac59263ae0569d3ee063
  - path: .claude/agents/speccy-reviewer-defects.md
    target: claude
    scope: repo
    template_id: agent-reviewer.j2
    source_hash: sha256:11956b7842e0272d9634b3c46157d4106e41f2ab974f849267dffcb31645c6ce
    rendered_hash: sha256:25b93e1eb29be6cd715b8c84503b1eff8337725db1ebf018448631a97fbf4220
  - path: .claude/agents/speccy-reviewer-security.md
    target: claude
    scope: repo
    template_id: agent-reviewer.j2
    source_hash: sha256:11956b7842e0272d9634b3c46157d4106e41f2ab974f849267dffcb31645c6ce
    rendered_hash: sha256:72755bfab5813bd303ff6d8f31b29a93aef30f17a6b19e35ce104fb2ee5dc288
  - path: .claude/agents/speccy-reviewer-spec-fidelity.md
    target: claude
    scope: repo
    template_id: agent-reviewer.j2
    source_hash: sha256:11956b7842e0272d9634b3c46157d4106e41f2ab974f849267dffcb31645c6ce
    rendered_hash: sha256:515826967c44eb3d57f0ee68493fb96728cc15c2dc211fd0b9eb9d4db27f2898
  - path: .claude/agents/speccy-reviewer-style.md
    target: claude
    scope: repo
    template_id: agent-reviewer.j2
    source_hash: sha256:11956b7842e0272d9634b3c46157d4106e41f2ab974f849267dffcb31645c6ce
    rendered_hash: sha256:505e750509952d7ec8b93fff9ebc69d8ecc5a3c39cf37407700768f6116650dd
  - path: .claude/agents/speccy-verifier.md
    target: claude
    scope: repo
    template_id: agent-verifier.j2
    source_hash: sha256:c58817a1cfb51050f8c5269ea8e1526de178e4265b8688332e6f32068af92902
    rendered_hash: sha256:20c33fcabbeab3ecf66f68c8c73394b41680af03bf4bd9040cb206780182669d
  - path: .claude/agents/speccy-worker.md
    target: claude
    scope: repo
    template_id: agent-worker.j2
    source_hash: sha256:5e97c56f0029f8a6db233964e6b05f404fc1aed384e3467b621a995be7f481e2
    rendered_hash: sha256:e00231662466732f50be2c760d68587ede5674260924df52e43a1c36b80efbea
  - path: .claude/skills/speccy-brainstorm/SKILL.md
    target: claude
    scope: repo
    template_id: skill-brainstorm.j2
    source_hash: sha256:cb610a86bb251153a489b511c4ddf90ec6cff2de2b208844a5447e366b0ba024
    rendered_hash: sha256:184203f2bf24a67b92c06da5f158dc4394054638c2cc15b203eaae27442d8a82
  - path: .claude/skills/speccy-implement/SKILL.md
    target: claude
    scope: repo
    template_id: skill-implement.j2
    source_hash: sha256:008a486ba375c73135bb7e1812736ab58fcdd64cb28b5a8ed071a8ad40757029
    rendered_hash: sha256:5888c1d47ddf50a692c52683aea0a7f576911d42e560ad45ba74a89f9d7d6b8e
  - path: .claude/skills/speccy-plan/SKILL.md
    target: claude
    scope: repo
    template_id: skill-plan.j2
    source_hash: sha256:f3179b108ea2f30a2ca7483d98fa9e176c4fa09846482a1b801fce3e0785e111
    rendered_hash: sha256:c459492c16a63a285db15f1b5c353db192cfdad4439ac520f979cd3487e58b76
  - path: .claude/skills/speccy-ship/SKILL.md
    target: claude
    scope: repo
    template_id: skill-ship.j2
    source_hash: sha256:09de59cd7a42bcbaba714a029038030a8b54db7535f957614b219d080dc4e504
    rendered_hash: sha256:973a2368bf5b6d632f0369f49578712016d3c5ce246b2cc6b81d6354a3baa9fd
